
Microsoft Visual Studio Solution File, Format Version 12.00
# Visual Studio 15
VisualStudioVersion = 15.0.28307.1145
MinimumVisualStudioVersion = 10.0.40219.1
Project("{FAE04EC0-301F-11D3-BF4B-00C04F79EFBC}") = "GerenciadorDeEventos", "GerenciadorDeEventos\GerenciadorDeEventos.csproj", "{5B9E3A2C-B4BB-4D06-B899-7089DBCFEF60}"
EndProject
Global
	GlobalSection(SolutionConfigurationPlatforms) = preSolution
		Debug|Any CPU = Debug|Any CPU
		Release|Any CPU = Release|Any CPU
	EndGlobalSection
	GlobalSection(ProjectConfigurationPlatforms) = postSolution
		{5B9E3A2C-B4BB-4D06-B899-7089DBCFEF60}.Debug|Any CPU.ActiveCfg = Debug|Any CPU
		{5B9E3A2C-B4BB-4D06-B899-7089DBCFEF60}.Debug|Any CPU.Build.0 = Debug|Any CPU
		{5B9E3A2C-B4BB-4D06-B899-7089DBCFEF60}.Release|Any CPU.ActiveCfg = Release|Any CPU
		{5B9E3A2C-B4BB-4D06-B899-7089DBCFEF60}.Release|Any CPU.Build.0 = Release|Any CPU
	EndGlobalSection
	GlobalSection(SolutionProperties) = preSolution
		HideSolutionNode = FALSE
	EndGlobalSection
	GlobalSection(ExtensibilityGlobals) = postSolution
		SolutionGuid = {BA8FE061-FB0B-4CFF-B3D9-E61FBE2174C8}
	EndGlobalSection
EndGlobal
